PODS:
  - FlutterMacOS (1.0.0)
  - network_info_plus (0.0.1):
    - FlutterMacOS
  - video_player_macos (0.0.1):
    - FlutterMacOS
  - wakelock_macos (0.0.1):
    - FlutterMacOS

DEPENDENCIES:
  - FlutterMacOS (from `Flutter/ephemeral`)
  - network_info_plus (from `Flutter/ephemeral/.symlinks/plugins/network_info_plus/macos`)
  - video_player_macos (from `Flutter/ephemeral/.symlinks/plugins/video_player_macos/macos`)
  - wakelock_macos (from `Flutter/ephemeral/.symlinks/plugins/wakelock_macos/macos`)

EXTERNAL SOURCES:
  FlutterMacOS:
    :path: Flutter/ephemeral
  network_info_plus:
    :path: Flutter/ephemeral/.symlinks/plugins/network_info_plus/macos
  video_player_macos:
    :path: Flutter/ephemeral/.symlinks/plugins/video_player_macos/macos
  wakelock_macos:
    :path: Flutter/ephemeral/.symlinks/plugins/wakelock_macos/macos

SPEC CHECKSUMS:
  FlutterMacOS: 8f6f14fa908a6fb3fba0cd85dbd81ec4b251fb24
  network_info_plus: f4fbc7877ab7b3294500d9441dfa53cd54972d05
  video_player_macos: 7a50b407d775a45392851b1218a9cf4be395cf7f
  wakelock_macos: bc3f2a9bd8d2e6c89fee1e1822e7ddac3bd004a9

PODFILE CHECKSUM: 353c8bcc5d5b0994e508d035b5431cfe18c1dea7

COCOAPODS: 1.11.3
